
Microsoft Visual Studio Solution File, Format Version 12.00
# Visual Studio Version 17
VisualStudioVersion = 17.5.002.0
MinimumVisualStudioVersion = 10.0.40219.1
Project("{9A19103F-16F7-4668-BE54-9A1E7A4F7556}") = "financeApp", "financeApp.csproj", "{02FDE6ED-47CB-4E10-8360-FA7D275018A8}"
EndProject
Global
	GlobalSection(SolutionConfigurationPlatforms) = preSolution
		Debug|Any CPU = Debug|Any CPU
		Release|Any CPU = Release|Any CPU
	EndGlobalSection
	GlobalSection(ProjectConfigurationPlatforms) = postSolution
		{02FDE6ED-47CB-4E10-8360-FA7D275018A8}.Debug|Any CPU.ActiveCfg = Debug|Any CPU
		{02FDE6ED-47CB-4E10-8360-FA7D275018A8}.Debug|Any CPU.Build.0 = Debug|Any CPU
		{02FDE6ED-47CB-4E10-8360-FA7D275018A8}.Release|Any CPU.ActiveCfg = Release|Any CPU
		{02FDE6ED-47CB-4E10-8360-FA7D275018A8}.Release|Any CPU.Build.0 = Release|Any CPU
	EndGlobalSection
	GlobalSection(SolutionProperties) = preSolution
		HideSolutionNode = FALSE
	EndGlobalSection
	GlobalSection(ExtensibilityGlobals) = postSolution
		SolutionGuid = {027DD485-C97A-441A-8E87-49AC322139EE}
	EndGlobalSection
EndGlobal
