
Microsoft Visual Studio Solution File, Format Version 12.00
# Visual Studio Version 17
VisualStudioVersion = 17.7.34202.233
MinimumVisualStudioVersion = 10.0.40219.1
Project("{FAE04EC0-301F-11D3-BF4B-00C04F79EFBC}") = "financeApp", "financeApp\financeApp.csproj", "{D7BF21BC-AE21-4B71-8458-F1BDBCCE6633}"
EndProject
Global
	GlobalSection(SolutionConfigurationPlatforms) = preSolution
		Debug|Any CPU = Debug|Any CPU
		Release|Any CPU = Release|Any CPU
	EndGlobalSection
	GlobalSection(ProjectConfigurationPlatforms) = postSolution
		{D7BF21BC-AE21-4B71-8458-F1BDBCCE6633}.Debug|Any CPU.ActiveCfg = Debug|Any CPU
		{D7BF21BC-AE21-4B71-8458-F1BDBCCE6633}.Debug|Any CPU.Build.0 = Debug|Any CPU
		{D7BF21BC-AE21-4B71-8458-F1BDBCCE6633}.Release|Any CPU.ActiveCfg = Release|Any CPU
		{D7BF21BC-AE21-4B71-8458-F1BDBCCE6633}.Release|Any CPU.Build.0 = Release|Any CPU
	EndGlobalSection
	GlobalSection(SolutionProperties) = preSolution
		HideSolutionNode = FALSE
	EndGlobalSection
	GlobalSection(ExtensibilityGlobals) = postSolution
		SolutionGuid = {46E826C5-7968-4A30-A158-B85C17363007}
	EndGlobalSection
EndGlobal
